<Solution>
  <Folder Name="/examples/">
    <Project Path="examples/CacheApi/CacheApi.csproj" />
    <Project Path="examples/CorsHeaders/CorsHeaders.csproj" />
    <Project Path="examples/HelloWorld/HelloWorld.csproj" />
    <Project Path="examples/JsonApi/JsonApi.csproj" />
    <Project Path="examples/KvBinding/KvBinding.csproj" />
    <Project Path="examples/ProxyFetch/ProxyFetch.csproj" />
    <Project Path="examples/QueueConsumer/QueueConsumer.csproj" />
    <Project Path="examples/QueueProducer/QueueProducer.csproj" />
    <Project Path="examples/R2Binding/R2Binding.csproj" />
    <Project Path="examples/Redirects/Redirects.csproj" />
    <Project Path="examples/ScheduledTask/ScheduledTask.csproj" />
  </Folder>
  <Folder Name="/src/">
    <Project Path="src/Compiler/Compiler.csproj" />
    <Project Path="src/Workers.csproj" />
  </Folder>
  <Folder Name="/tests/">
    <Project Path="tests/compiler/CompilerTests.csproj" />
    <Project Path="tests/package/PackageTests.csproj" />
  </Folder>
</Solution>
